
Microsoft Visual Studio Solution File, Format Version 12.00
# Visual Studio 2012
Project("{FAE04EC0-301F-11D3-BF4B-00C04F79EFBC}") = "Spammer.Services", "Spammer.Services\Spammer.Services.csproj", "{D852CD9E-7E20-4365-BA8C-E37B950B89C5}"
EndProject
Project("{FAE04EC0-301F-11D3-BF4B-00C04F79EFBC}") = "Spammer.DataLayer", "Spammer.DataLayer\Spammer.DataLayer.csproj", "{9A239CDE-12E0-47C0-AF41-3F7948EE6640}"
EndProject
Project("{FAE04EC0-301F-11D3-BF4B-00C04F79EFBC}") = "Spammer.Classes", "Spammer.Classes\Spammer.Classes.csproj", "{B3B4C55C-F4E5-4219-9371-53E80AC95C8E}"
EndProject
Global
	GlobalSection(SolutionConfigurationPlatforms) = preSolution
		Debug|Any CPU = Debug|Any CPU
		Release|Any CPU = Release|Any CPU
	EndGlobalSection
	GlobalSection(ProjectConfigurationPlatforms) = postSolution
		{D852CD9E-7E20-4365-BA8C-E37B950B89C5}.Debug|Any CPU.ActiveCfg = Debug|Any CPU
		{D852CD9E-7E20-4365-BA8C-E37B950B89C5}.Debug|Any CPU.Build.0 = Debug|Any CPU
		{D852CD9E-7E20-4365-BA8C-E37B950B89C5}.Release|Any CPU.ActiveCfg = Release|Any CPU
		{D852CD9E-7E20-4365-BA8C-E37B950B89C5}.Release|Any CPU.Build.0 = Release|Any CPU
		{9A239CDE-12E0-47C0-AF41-3F7948EE6640}.Debug|Any CPU.ActiveCfg = Debug|Any CPU
		{9A239CDE-12E0-47C0-AF41-3F7948EE6640}.Debug|Any CPU.Build.0 = Debug|Any CPU
		{9A239CDE-12E0-47C0-AF41-3F7948EE6640}.Release|Any CPU.ActiveCfg = Release|Any CPU
		{9A239CDE-12E0-47C0-AF41-3F7948EE6640}.Release|Any CPU.Build.0 = Release|Any CPU
		{B3B4C55C-F4E5-4219-9371-53E80AC95C8E}.Debug|Any CPU.ActiveCfg = Debug|Any CPU
		{B3B4C55C-F4E5-4219-9371-53E80AC95C8E}.Debug|Any CPU.Build.0 = Debug|Any CPU
		{B3B4C55C-F4E5-4219-9371-53E80AC95C8E}.Release|Any CPU.ActiveCfg = Release|Any CPU
		{B3B4C55C-F4E5-4219-9371-53E80AC95C8E}.Release|Any CPU.Build.0 = Release|Any CPU
	EndGlobalSection
	GlobalSection(SolutionProperties) = preSolution
		HideSolutionNode = FALSE
	EndGlobalSection
EndGlobal
